
Microsoft Visual Studio Solution File, Format Version 12.00
# Visual Studio 15
VisualStudioVersion = 15.0.28010.2046
MinimumVisualStudioVersion = 10.0.40219.1
Project("{FAE04EC0-301F-11D3-BF4B-00C04F79EFBC}") = "TheFirm", "TheFirm.csproj", "{EA51D62A-E99B-4ECF-8B6D-C8FB2CA977D9}"
EndProject
Project("{FAE04EC0-301F-11D3-BF4B-00C04F79EFBC}") = "API", "..\API\API.csproj", "{AFD5CC85-6BBA-461C-8947-894C55935EF5}"
EndProject
Global
	GlobalSection(SolutionConfigurationPlatforms) = preSolution
		Debug|Any CPU = Debug|Any CPU
		Release|Any CPU = Release|Any CPU
	EndGlobalSection
	GlobalSection(ProjectConfigurationPlatforms) = postSolution
		{EA51D62A-E99B-4ECF-8B6D-C8FB2CA977D9}.Debug|Any CPU.ActiveCfg = Debug|Any CPU
		{EA51D62A-E99B-4ECF-8B6D-C8FB2CA977D9}.Debug|Any CPU.Build.0 = Debug|Any CPU
		{EA51D62A-E99B-4ECF-8B6D-C8FB2CA977D9}.Release|Any CPU.ActiveCfg = Release|Any CPU
		{EA51D62A-E99B-4ECF-8B6D-C8FB2CA977D9}.Release|Any CPU.Build.0 = Release|Any CPU
		{AFD5CC85-6BBA-461C-8947-894C55935EF5}.Debug|Any CPU.ActiveCfg = Debug|Any CPU
		{AFD5CC85-6BBA-461C-8947-894C55935EF5}.Debug|Any CPU.Build.0 = Debug|Any CPU
		{AFD5CC85-6BBA-461C-8947-894C55935EF5}.Release|Any CPU.ActiveCfg = Release|Any CPU
		{AFD5CC85-6BBA-461C-8947-894C55935EF5}.Release|Any CPU.Build.0 = Release|Any CPU
	EndGlobalSection
	GlobalSection(SolutionProperties) = preSolution
		HideSolutionNode = FALSE
	EndGlobalSection
	GlobalSection(ExtensibilityGlobals) = postSolution
		SolutionGuid = {9A4D0A03-B24E-4E21-A05E-85611267DB48}
	EndGlobalSection
EndGlobal
