
Microsoft Visual Studio Solution File, Format Version 12.00
# Visual Studio 15
VisualStudioVersion = 15.0.28307.271
MinimumVisualStudioVersion = 10.0.40219.1
Project("{FAE04EC0-301F-11D3-BF4B-00C04F79EFBC}") = "TheSystem", "TheSystem\TheSystem.csproj", "{2A277E05-654D-4602-B406-51059F74DDB7}"
EndProject
Project("{FAE04EC0-301F-11D3-BF4B-00C04F79EFBC}") = "Test", "Test\Test.csproj", "{83061E1E-FC5A-4AFD-8F20-D1095FFD89F9}"
EndProject
Project("{FAE04EC0-301F-11D3-BF4B-00C04F79EFBC}") = "API", "API\API.csproj", "{AFD5CC85-6BBA-461C-8947-894C55935EF5}"
EndProject
Global
	GlobalSection(SolutionConfigurationPlatforms) = preSolution
		Debug|Any CPU = Debug|Any CPU
		Release|Any CPU = Release|Any CPU
	EndGlobalSection
	GlobalSection(ProjectConfigurationPlatforms) = postSolution
		{2A277E05-654D-4602-B406-51059F74DDB7}.Debug|Any CPU.ActiveCfg = Debug|Any CPU
		{2A277E05-654D-4602-B406-51059F74DDB7}.Debug|Any CPU.Build.0 = Debug|Any CPU
		{2A277E05-654D-4602-B406-51059F74DDB7}.Release|Any CPU.ActiveCfg = Release|Any CPU
		{2A277E05-654D-4602-B406-51059F74DDB7}.Release|Any CPU.Build.0 = Release|Any CPU
		{83061E1E-FC5A-4AFD-8F20-D1095FFD89F9}.Debug|Any CPU.ActiveCfg = Debug|Any CPU
		{83061E1E-FC5A-4AFD-8F20-D1095FFD89F9}.Debug|Any CPU.Build.0 = Debug|Any CPU
		{83061E1E-FC5A-4AFD-8F20-D1095FFD89F9}.Release|Any CPU.ActiveCfg = Release|Any CPU
		{83061E1E-FC5A-4AFD-8F20-D1095FFD89F9}.Release|Any CPU.Build.0 = Release|Any CPU
		{AFD5CC85-6BBA-461C-8947-894C55935EF5}.Debug|Any CPU.ActiveCfg = Debug|Any CPU
		{AFD5CC85-6BBA-461C-8947-894C55935EF5}.Debug|Any CPU.Build.0 = Debug|Any CPU
		{AFD5CC85-6BBA-461C-8947-894C55935EF5}.Release|Any CPU.ActiveCfg = Release|Any CPU
		{AFD5CC85-6BBA-461C-8947-894C55935EF5}.Release|Any CPU.Build.0 = Release|Any CPU
	EndGlobalSection
	GlobalSection(SolutionProperties) = preSolution
		HideSolutionNode = FALSE
	EndGlobalSection
	GlobalSection(ExtensibilityGlobals) = postSolution
		SolutionGuid = {1C004009-B91C-496D-BFEC-460A3172891B}
	EndGlobalSection
EndGlobal
